<?xml version="1.0" encoding="utf-8"?>
<Project ToolsVersion="4.0" xmlns="http://schemas.microsoft.com/developer/msbuild/2003">
  <ItemGroup>
    <ClCompile Include="Boss.cpp" />
    <ClCompile Include="BossBullet.cpp" />
    <ClCompile Include="Bullet.cpp" />
    <ClCompile Include="ContentManagement.cpp" />
    <ClCompile Include="CreditScene.cpp" />
    <ClCompile Include="DeathScene.cpp" />
    <ClCompile Include="Font.cpp" />
    <ClCompile Include="Game.cpp" />
    <ClCompile Include="Helper.cpp" />
    <ClCompile Include="Engine.cpp" />
    <ClCompile Include="Input.cpp" />
    <ClCompile Include="main.cpp" />
<<<<<<< HEAD
    <ClCompile Include="MainScene.cpp" />
    <ClCompile Include="MenuScene.cpp" />
    <ClCompile Include="Mouse.cpp" />
    <ClCompile Include="MoveEnemy.cpp" />
    <ClCompile Include="MoveObject.cpp" />
    <ClCompile Include="NPC.cpp" />
    <ClCompile Include="Physic.cpp" />
    <ClCompile Include="Player.cpp" />
    <ClCompile Include="Renderer.cpp" />
    <ClCompile Include="Text.cpp" />
    <ClCompile Include="TextFPS.cpp" />
    <ClCompile Include="Texture.cpp" />
    <ClCompile Include="TexturedObject.cpp" />
    <ClCompile Include="Time.cpp" />
    <ClCompile Include="WinScene.cpp" />
    <ClCompile Include="World.cpp" />
    <ClCompile Include="Level01.cpp">
      <Filter>Level</Filter>
    </ClCompile>
    <ClCompile Include="Level02.cpp">
      <Filter>Level</Filter>
=======
    <ClCompile Include="Engine.cpp">
      <Filter>Engine\Core</Filter>
    </ClCompile>
    <ClCompile Include="MainScene.cpp">
      <Filter>Game\Scene</Filter>
    </ClCompile>
    <ClCompile Include="Helper.cpp">
      <Filter>Engine\Helper</Filter>
    </ClCompile>
    <ClCompile Include="Renderer.cpp">
      <Filter>Engine\Renderer</Filter>
    </ClCompile>
    <ClCompile Include="Texture.cpp">
      <Filter>Engine\Texture</Filter>
    </ClCompile>
    <ClCompile Include="Input.cpp">
      <Filter>Engine\Input</Filter>
    </ClCompile>
    <ClCompile Include="Time.cpp">
      <Filter>Engine\Time</Filter>
    </ClCompile>
    <ClCompile Include="TexturedObject.cpp">
      <Filter>Engine\Object</Filter>
    </ClCompile>
    <ClCompile Include="ContentManagement.cpp">
      <Filter>Engine\Management</Filter>
    </ClCompile>
    <ClCompile Include="Game.cpp">
      <Filter>Game\Core</Filter>
    </ClCompile>
    <ClCompile Include="MoveObject.cpp">
      <Filter>Engine\Object</Filter>
    </ClCompile>
    <ClCompile Include="Player.cpp">
      <Filter>Game\Object\Player</Filter>
    </ClCompile>
    <ClCompile Include="World.cpp">
      <Filter>Game\World</Filter>
    </ClCompile>
    <ClCompile Include="Font.cpp">
      <Filter>Engine\Font</Filter>
    </ClCompile>
    <ClCompile Include="Text.cpp">
      <Filter>Engine\Object</Filter>
    </ClCompile>
    <ClCompile Include="TextFPS.cpp">
      <Filter>Game\Object\UI</Filter>
    </ClCompile>
    <ClCompile Include="Mouse.cpp">
      <Filter>Engine\Mouse</Filter>
    </ClCompile>
    <ClCompile Include="MenuScene.cpp">
      <Filter>Game\Scene</Filter>
    </ClCompile>
    <ClCompile Include="Physic.cpp">
      <Filter>Engine\Physic</Filter>
    </ClCompile>
    <ClCompile Include="MoveEnemy.cpp">
      <Filter>Game\Object\Enemy</Filter>
    </ClCompile>
    <ClCompile Include="Bullet.cpp">
      <Filter>Game\Object\Bullet</Filter>
    </ClCompile>
    <ClCompile Include="WinScene.cpp">
      <Filter>Game\Scene</Filter>
    </ClCompile>
    <ClCompile Include="CreditScene.cpp">
      <Filter>Game\Scene</Filter>
    </ClCompile>
    <ClCompile Include="DeathScene.cpp">
      <Filter>Game\Scene</Filter>
    </ClCompile>
    <ClCompile Include="Boss.cpp">
      <Filter>Game\Object\Boss</Filter>
    </ClCompile>
    <ClCompile Include="NPC.cpp">
      <Filter>Game\Object\NPC</Filter>
    </ClCompile>
    <ClCompile Include="BossBullet.cpp">
      <Filter>Game\Object\Bullet</Filter>
      <Filter>Game\Object\Boss</Filter>
>>>>>>> 26b511a69f5b3b4494c09d8e22f8ac8e8642fe68
    </ClCompile>
  </ItemGroup>
  <ItemGroup>
    <ClInclude Include="Animation.h" />
    <ClInclude Include="Boss.h" />
    <ClInclude Include="BossBullet.h" />
    <ClInclude Include="Bullet.h" />
    <ClInclude Include="Color.h" />
    <ClInclude Include="Config.h" />
    <ClInclude Include="ContentManagement.h" />
    <ClInclude Include="CreditScene.h" />
    <ClInclude Include="DeathScene.h" />
    <ClInclude Include="Enum.h" />
    <ClInclude Include="Font.h" />
    <ClInclude Include="Game.h" />
    <ClInclude Include="Helper.h" />
    <ClInclude Include="Engine.h" />
    <ClInclude Include="Input.h" />
    <ClInclude Include="Macro.h" />
    <ClInclude Include="MainScene.h" />
    <ClInclude Include="MenuScene.h" />
    <ClInclude Include="Mouse.h" />
    <ClInclude Include="MoveEnemy.h" />
    <ClInclude Include="MoveObject.h" />
    <ClInclude Include="NPC.h" />
    <ClInclude Include="Object.h" />
    <ClInclude Include="Physic.h" />
    <ClInclude Include="Player.h" />
    <ClInclude Include="Rect.h" />
    <ClInclude Include="Renderer.h" />
    <ClInclude Include="Scene.h" />
    <ClInclude Include="Text.h" />
    <ClInclude Include="TextFPS.h" />
    <ClInclude Include="Texture.h" />
    <ClInclude Include="TexturedObject.h" />
    <ClInclude Include="TextureManagement.h" />
    <ClInclude Include="Time.h" />
    <ClInclude Include="Vector2.h" />
    <ClInclude Include="WinScene.h" />
    <ClInclude Include="World.h" />
    <ClInclude Include="Level01.h">
      <Filter>Level</Filter>
    </ClInclude>
    <ClInclude Include="Level02.h">
      <Filter>Level</Filter>
    </ClInclude>
  </ItemGroup>
  <ItemGroup>
<<<<<<< HEAD
    <Filter Include="Level">
      <UniqueIdentifier>{b3efea2c-1b84-45b7-bf8e-c344330aeb7a}</UniqueIdentifier>
    </Filter>
=======
    <ClInclude Include="Engine.h">
      <Filter>Engine\Core</Filter>
    </ClInclude>
    <ClInclude Include="Scene.h">
      <Filter>Engine\Scene</Filter>
    </ClInclude>
    <ClInclude Include="MainScene.h">
      <Filter>Game\Scene</Filter>
    </ClInclude>
    <ClInclude Include="Helper.h">
      <Filter>Engine\Helper</Filter>
    </ClInclude>
    <ClInclude Include="Vector2.h">
      <Filter>Engine\Utility</Filter>
    </ClInclude>
    <ClInclude Include="Rect.h">
      <Filter>Engine\Utility</Filter>
    </ClInclude>
    <ClInclude Include="Renderer.h">
      <Filter>Engine\Renderer</Filter>
    </ClInclude>
    <ClInclude Include="Texture.h">
      <Filter>Engine\Texture</Filter>
    </ClInclude>
    <ClInclude Include="Input.h">
      <Filter>Engine\Input</Filter>
    </ClInclude>
    <ClInclude Include="Time.h">
      <Filter>Engine\Time</Filter>
    </ClInclude>
    <ClInclude Include="Object.h">
      <Filter>Engine\Object</Filter>
    </ClInclude>
    <ClInclude Include="TexturedObject.h">
      <Filter>Engine\Object</Filter>
    </ClInclude>
    <ClInclude Include="ContentManagement.h">
      <Filter>Engine\Management</Filter>
    </ClInclude>
    <ClInclude Include="Game.h">
      <Filter>Game\Core</Filter>
    </ClInclude>
    <ClInclude Include="MoveObject.h">
      <Filter>Engine\Object</Filter>
    </ClInclude>
    <ClInclude Include="Player.h">
      <Filter>Game\Object\Player</Filter>
    </ClInclude>
    <ClInclude Include="World.h">
      <Filter>Game\World</Filter>
    </ClInclude>
    <ClInclude Include="Config.h">
      <Filter>Game\Config</Filter>
    </ClInclude>
    <ClInclude Include="Macro.h">
      <Filter>Engine\Utility</Filter>
    </ClInclude>
    <ClInclude Include="Color.h">
      <Filter>Engine\Utility</Filter>
    </ClInclude>
    <ClInclude Include="Font.h">
      <Filter>Engine\Font</Filter>
    </ClInclude>
    <ClInclude Include="Text.h">
      <Filter>Engine\Object</Filter>
    </ClInclude>
    <ClInclude Include="TextFPS.h">
      <Filter>Game\Object\UI</Filter>
    </ClInclude>
    <ClInclude Include="Mouse.h">
      <Filter>Engine\Mouse</Filter>
    </ClInclude>
    <ClInclude Include="MenuScene.h">
      <Filter>Game\Scene</Filter>
    </ClInclude>
    <ClInclude Include="Physic.h">
      <Filter>Engine\Physic</Filter>
    </ClInclude>
    <ClInclude Include="Enum.h">
      <Filter>Engine\Utility</Filter>
    </ClInclude>
    <ClInclude Include="TextureManagement.h">
      <Filter>Engine\Management</Filter>
    </ClInclude>
    <ClInclude Include="MoveEnemy.h">
      <Filter>Game\Object\Enemy</Filter>
    </ClInclude>
    <ClInclude Include="Bullet.h">
      <Filter>Game\Object\Bullet</Filter>
    </ClInclude>
    <ClInclude Include="WinScene.h">
      <Filter>Game\Scene</Filter>
    </ClInclude>
    <ClInclude Include="CreditScene.h">
      <Filter>Game\Scene</Filter>
    </ClInclude>
    <ClInclude Include="DeathScene.h">
      <Filter>Game\Scene</Filter>
    </ClInclude>
    <ClInclude Include="Boss.h">
      <Filter>Game\Object\Boss</Filter>
    </ClInclude>
    <ClInclude Include="Animation.h">
      <Filter>Engine\Object</Filter>
    </ClInclude>
    <ClInclude Include="NPC.h">
      <Filter>Game\Object\NPC</Filter>
    </ClInclude>
    <ClInclude Include="BossBullet.h">
      <Filter>Game\Object\Bullet</Filter>
      <Filter>Game\Object\Boss</Filter>
    </ClInclude>
>>>>>>> 26b511a69f5b3b4494c09d8e22f8ac8e8642fe68
  </ItemGroup>
</Project>